<Solution>
  <Folder Name="/Task0/">
    <Project Path="Tyuiu.RomashkinaPB.Sprint0.Task0.V0/Tyuiu.RomashkinaPB.Sprint0.Task0.V0.csproj" Id="11eb1884-3c1f-4f7d-b3a1-2cb1aa1015db" />
  </Folder>
  <Folder Name="/Task1/">
    <Project Path="Tyuiu.RomashkinaPB.Sprint0.Task1.V0/Tyuiu.RomashkinaPB.Sprint0.Task1.V0.csproj" Id="a6a0309f-9713-407e-af0f-17ddad555c5d" />
  </Folder>
  <Folder Name="/Task2/">
    <Project Path="Tyuiu.RomashkinaPB.Sprint0.Task2.V0.Lib/Tyuiu.RomashkinaPB.Sprint0.Task2.V0.Lib.csproj" Id="152ab6e5-cf53-47fd-9fc9-ce881a81aedc" />
    <Project Path="Tyuiu.RomashkinaPB.Sprint0.Task2.V0.Test/Tyuiu.RomashkinaPB.Sprint0.Task2.V0.Test.csproj" Id="d02daffb-516f-412e-81e9-51d36b828afd" />
    <Project Path="Tyuiu.RomashkinaPB.Sprint0.Task2.V0/Tyuiu.RomashkinaPB.Sprint0.Task2.V0.csproj" Id="703ee2a5-9624-476b-a9f1-bd2168e3a70b" />
  </Folder>
  <Folder Name="/Task3/">
    <Project Path="Tyuiu.RomashkinaPB.Sprint0.Task3.V0.Lib/Tyuiu.RomashkinaPB.Sprint0.Task3.V0.Lib.csproj" Id="ab0b15dc-7409-4b18-83c5-45ee3b172da8" />
    <Project Path="Tyuiu.RomashkinaPB.Sprint0.Task3.V0.Test/Tyuiu.RomashkinaPB.Sprint0.Task3.V0.Test.csproj" Id="19430f5e-8af8-4e9a-86db-1ab17225a788" />
    <Project Path="Tyuiu.RomashkinaPB.Sprint0.Task3.V0/Tyuiu.RomashkinaPB.Sprint0.Task3.V0.csproj" Id="c5e3c4a7-c9fe-4511-bf83-f0467ddcbe4b" />
  </Folder>
  <Folder Name="/Task4/">
    <Project Path="Tyuiu.RomashkinaPB.Sprint0.Task4.V0.Lib/Tyuiu.RomashkinaPB.Sprint0.Task4.V0.Lib.csproj" Id="fb4985eb-3f75-4c6e-93e2-4b038c6c97e5" />
    <Project Path="Tyuiu.RomashkinaPB.Sprint0.Task4.V0.Test/Tyuiu.RomashkinaPB.Sprint0.Task4.V0.Test.csproj" Id="515ee6c8-2a86-4cfb-950d-855969d5edf3" />
    <Project Path="Tyuiu.RomashkinaPB.Sprint0.Task4.V0/Tyuiu.RomashkinaPB.Sprint0.Task4.V0.csproj" Id="e7193669-00d6-48bb-8c24-4bd27105fd90" />
  </Folder>
</Solution>
